
Microsoft Visual Studio Solution File, Format Version 12.00
# Visual Studio Version 16
VisualStudioVersion = 16.0.31019.35
MinimumVisualStudioVersion = 10.0.40219.1
Project("{F184B08F-C81C-45F6-A57F-5ABD9991F28F}") = "SATURDAY_ASSIGNMENT", "SATURDAY_ASSIGNMENT\SATURDAY_ASSIGNMENT.vbproj", "{1A1B74A6-A5E6-48D1-9711-FD830ACFB745}"
EndProject
Global
	GlobalSection(SolutionConfigurationPlatforms) = preSolution
		Debug|Any CPU = Debug|Any CPU
		Release|Any CPU = Release|Any CPU
	EndGlobalSection
	GlobalSection(ProjectConfigurationPlatforms) = postSolution
		{1A1B74A6-A5E6-48D1-9711-FD830ACFB745}.Debug|Any CPU.ActiveCfg = Debug|Any CPU
		{1A1B74A6-A5E6-48D1-9711-FD830ACFB745}.Debug|Any CPU.Build.0 = Debug|Any CPU
		{1A1B74A6-A5E6-48D1-9711-FD830ACFB745}.Release|Any CPU.ActiveCfg = Release|Any CPU
		{1A1B74A6-A5E6-48D1-9711-FD830ACFB745}.Release|Any CPU.Build.0 = Release|Any CPU
	EndGlobalSection
	GlobalSection(SolutionProperties) = preSolution
		HideSolutionNode = FALSE
	EndGlobalSection
	GlobalSection(ExtensibilityGlobals) = postSolution
		SolutionGuid = {04802328-2A44-4291-90EE-0FFB749246FA}
	EndGlobalSection
EndGlobal
